{
  "name": "fis-parser-markdown2vue",
  "version": "1.0.3",
  "lockfileVersion": 1,
  "requires": true,
  "dependencies": {
    "argparse": {
      "version": "1.0.9",
      "resolved": "http://npm.byted.org/argparse/-/argparse-1.0.9.tgz",
      "integrity": "sha1-c9g7wmP4bpf4zE9rrhsOkKfSLIY=",
      "requires": {
        "sprintf-js": "1.0.3"
      }
    },
    "commander": {
      "version": "1.0.0",
      "resolved": "http://npm.byted.org/commander/-/commander-1.0.0.tgz",
      "integrity": "sha1-XmqI5wcP9ZCINurRkWlUjDD5C80="
    },
    "entities": {
      "version": "1.1.1",
      "resolved": "http://npm.byted.org/entities/-/entities-1.1.1.tgz",
      "integrity": "sha1-blwtClYhtdra7O+AuQ7ftc13cvA="
    },
    "esprima": {
      "version": "4.0.0",
      "resolved": "http://npm.byted.org/esprima/-/esprima-4.0.0.tgz",
      "integrity": "sha1-RJnt3NERDgshi6zy+n9/WfVcqAQ="
    },
    "highlight.js": {
      "version": "9.12.0",
      "resolved": "http://npm.byted.org/highlight.js/-/highlight.js-9.12.0.tgz",
      "integrity": "sha1-5tnb5Xy+/mB1HwKvM2GVhwyQwB4="
    },
    "js-yaml": {
      "version": "3.10.0",
      "resolved": "http://npm.byted.org/js-yaml/-/js-yaml-3.10.0.tgz",
      "integrity": "sha1-LnhEFka9RoLpY/IrbpKCPDCcYtw=",
      "requires": {
        "argparse": "1.0.9",
        "esprima": "4.0.0"
      }
    },
    "linkify-it": {
      "version": "2.0.3",
      "resolved": "http://npm.byted.org/linkify-it/-/linkify-it-2.0.3.tgz",
      "integrity": "sha1-2UpGSPmxwXnWT6lykSaL22zpQ08=",
      "requires": {
        "uc.micro": "1.0.3"
      }
    },
    "markdown-it": {
      "version": "8.4.0",
      "resolved": "http://npm.byted.org/markdown-it/-/markdown-it-8.4.0.tgz",
      "integrity": "sha1-4kAIgb8XH3AY7RvZ2kQdrIr2MG0=",
      "requires": {
        "argparse": "1.0.9",
        "entities": "1.1.1",
        "linkify-it": "2.0.3",
        "mdurl": "1.0.1",
        "uc.micro": "1.0.3"
      }
    },
    "marked": {
      "version": "0.3.6",
      "resolved": "http://npm.byted.org/marked/-/marked-0.3.6.tgz",
      "integrity": "sha1-ssbGGPzOzk74bE/Gy4p8v1rtqNc="
    },
    "mdurl": {
      "version": "1.0.1",
      "resolved": "http://npm.byted.org/mdurl/-/mdurl-1.0.1.tgz",
      "integrity": "sha1-/oWy7HWlkDfyrf7BAP1sYBdhFS4="
    },
    "sprintf-js": {
      "version": "1.0.3",
      "resolved": "http://npm.byted.org/sprintf-js/-/sprintf-js-1.0.3.tgz",
      "integrity": "sha1-BOaSb2YolTVPPdAVIDYzuFcpfiw="
    },
    "uc.micro": {
      "version": "1.0.3",
      "resolved": "http://npm.byted.org/uc.micro/-/uc.micro-1.0.3.tgz",
      "integrity": "sha1-ftUNXg+an7ClczeSWfKndFjVAZI="
    },
    "yaml-front-matter": {
      "version": "3.4.0",
      "resolved": "http://npm.byted.org/yaml-front-matter/-/yaml-front-matter-3.4.0.tgz",
      "integrity": "sha1-xLtcQeh5f+9YSxhyzAUs3CYhDco=",
      "requires": {
        "commander": "1.0.0",
        "js-yaml": "3.10.0"
      }
    }
  }
}
